
Microsoft Visual Studio Solution File, Format Version 12.00
# Visual Studio Version 16
VisualStudioVersion = 16.0.29021.104
MinimumVisualStudioVersion = 10.0.40219.1
Project("{8BC9CEB8-8B4A-11D0-8D11-00A0C91BC942}") = "ArmaFullDump", "ArmaFullDump.vcxproj", "{937F335D-916B-4AFF-9F5A-8CFBA0537914}"
EndProject
Global
	GlobalSection(SolutionConfigurationPlatforms) = preSolution
		Debug|x64 = Debug|x64
		Debug|x86 = Debug|x86
		Release|x64 = Release|x64
		Release|x86 = Release|x86
	EndGlobalSection
	GlobalSection(ProjectConfigurationPlatforms) = postSolution
		{937F335D-916B-4AFF-9F5A-8CFBA0537914}.Debug|x64.ActiveCfg = Debug|x64
		{937F335D-916B-4AFF-9F5A-8CFBA0537914}.Debug|x64.Build.0 = Debug|x64
		{937F335D-916B-4AFF-9F5A-8CFBA0537914}.Debug|x86.ActiveCfg = Debug|Win32
		{937F335D-916B-4AFF-9F5A-8CFBA0537914}.Debug|x86.Build.0 = Debug|Win32
		{937F335D-916B-4AFF-9F5A-8CFBA0537914}.Release|x64.ActiveCfg = Release|x64
		{937F335D-916B-4AFF-9F5A-8CFBA0537914}.Release|x64.Build.0 = Release|x64
		{937F335D-916B-4AFF-9F5A-8CFBA0537914}.Release|x86.ActiveCfg = Release|Win32
		{937F335D-916B-4AFF-9F5A-8CFBA0537914}.Release|x86.Build.0 = Release|Win32
	EndGlobalSection
	GlobalSection(SolutionProperties) = preSolution
		HideSolutionNode = FALSE
	EndGlobalSection
	GlobalSection(ExtensibilityGlobals) = postSolution
		SolutionGuid = {EC729ACF-14A7-4BCD-B353-5E993838A63A}
	EndGlobalSection
EndGlobal
